# This file is automatically @generated by Cargo.
# It is not intended for manual editing.
version = 3

[[package]]
name = "clipboard"
version = "0.1.0"
dependencies = [
 "yaxi",
]

[[package]]
name = "minimal"
version = "0.1.0"
dependencies = [
 "yaxi",
]

[[package]]
name = "yaxi"
version = "0.1.35"
dependencies = [
 "yaxi",
]
